
Microsoft Visual Studio Solution File, Format Version 12.00
# Visual Studio Version 16
VisualStudioVersion = 16.0.29215.179
MinimumVisualStudioVersion = 10.0.40219.1
Project("{FAE04EC0-301F-11D3-BF4B-00C04F79EFBC}") = "partyInvites", "partyInvites\partyInvites.csproj", "{14638FA2-1192-4DBF-848B-A91061E62DB8}"
EndProject
Project("{2150E333-8FDC-42A3-9474-1A3956D46DE8}") = "Solution Items", "Solution Items", "{DFFFFD30-256D-4DE0-8A5E-0D6658BA4698}"
	ProjectSection(SolutionItems) = preProject
		TestController.cs = TestController.cs
	EndProjectSection
EndProject
Project("{FAE04EC0-301F-11D3-BF4B-00C04F79EFBC}") = "partyInvitesTests", "partyInvitesTests\partyInvitesTests.csproj", "{843FDC05-4289-40EC-AEE7-D5DF5EAFBE53}"
EndProject
Global
	GlobalSection(SolutionConfigurationPlatforms) = preSolution
		Debug|Any CPU = Debug|Any CPU
		Release|Any CPU = Release|Any CPU
	EndGlobalSection
	GlobalSection(ProjectConfigurationPlatforms) = postSolution
		{14638FA2-1192-4DBF-848B-A91061E62DB8}.Debug|Any CPU.ActiveCfg = Debug|Any CPU
		{14638FA2-1192-4DBF-848B-A91061E62DB8}.Debug|Any CPU.Build.0 = Debug|Any CPU
		{14638FA2-1192-4DBF-848B-A91061E62DB8}.Release|Any CPU.ActiveCfg = Release|Any CPU
		{14638FA2-1192-4DBF-848B-A91061E62DB8}.Release|Any CPU.Build.0 = Release|Any CPU
		{843FDC05-4289-40EC-AEE7-D5DF5EAFBE53}.Debug|Any CPU.ActiveCfg = Debug|Any CPU
		{843FDC05-4289-40EC-AEE7-D5DF5EAFBE53}.Debug|Any CPU.Build.0 = Debug|Any CPU
		{843FDC05-4289-40EC-AEE7-D5DF5EAFBE53}.Release|Any CPU.ActiveCfg = Release|Any CPU
		{843FDC05-4289-40EC-AEE7-D5DF5EAFBE53}.Release|Any CPU.Build.0 = Release|Any CPU
	EndGlobalSection
	GlobalSection(SolutionProperties) = preSolution
		HideSolutionNode = FALSE
	EndGlobalSection
	GlobalSection(ExtensibilityGlobals) = postSolution
		LessCompiler = 14638fa2-1192-4dbf-848b-a91061e62db8
		SolutionGuid = {6FF16876-46FF-4A83-8C27-3F90138119D2}
	EndGlobalSection
EndGlobal
